{
  "name": "demo",
  "version": "0.0.1",
  "lockfileVersion": 2,
  "requires": true,
  "packages": {
    "": {
      "name": "demo",
      "version": "0.0.1",
      "workspaces": [
        "frontend"
      ]
    },
    "frontend": {
      "version": "0.0.1"
    },
    "node_modules/frontend": {
      "resolved": "frontend",
      "link": true
    }
  },
  "dependencies": {
    "frontend": {
      "version": "file:frontend"
    }
  }
}
